// !$*UTF8*$!
{
	archiveVersion = 1;
	classes = {
	};
	objectVersion = 46;
	objects = {

/* Begin PBXBuildFile section */
		EBC741C21A3688D200631858 /* main.m in Sources */ = {isa = PBXBuildFile; fileRef = EBC741C11A3688D200631858 /* main.m */; };
		EBC741C51A3688D200631858 /* AppDelegate.m in Sources */ = {isa = PBXBuildFile; fileRef = EBC741C41A3688D200631858 /* AppDelegate.m */; };
		EBC741CB1A3688D200631858 /* Main.storyboard in Resources */ = {isa = PBXBuildFile; fileRef = EBC741C91A3688D200631858 /* Main.storyboard */; };
		EBC741CD1A3688D200631858 /* Images.xcassets in Resources */ = {isa = PBXBuildFile; fileRef = EBC741CC1A3688D200631858 /* Images.xcassets */; };
		EBC741D01A3688D200631858 /* LaunchScreen.xib in Resources */ = {isa = PBXBuildFile; fileRef = EBC741CE1A3688D200631858 /* LaunchScreen.xib */; };
		EBC741DC1A3688D300631858 /* V2EXERTests.m in Sources */ = {isa = PBXBuildFile; fileRef = EBC741DB1A3688D300631858 /* V2EXERTests.m */; };
		EBC741F61A36901700631858 /* Alamofire.framework in Copy Frameworks */ = {isa = PBXBuildFile; fileRef = EBC741F01A368FD800631858 /* Alamofire.framework */; settings = {ATTRIBUTES = (CodeSignOnCopy, RemoveHeadersOnCopy, ); }; };
		EBC741FA1A36911100631858 /* Main.swift in Sources */ = {isa = PBXBuildFile; fileRef = EBC741F91A36911100631858 /* Main.swift */; };
		EBC742061A36933300631858 /* libAsyncDisplayKit.a in Frameworks */ = {isa = PBXBuildFile; fileRef = EBC742011A3692BE00631858 /* libAsyncDisplayKit.a */; };
		EBC742221A369A0900631858 /* SystemConfiguration.framework in Frameworks */ = {isa = PBXBuildFile; fileRef = EBC742211A369A0900631858 /* SystemConfiguration.framework */; };
		EBC742241A369A2100631858 /* AssetsLibrary.framework in Frameworks */ = {isa = PBXBuildFile; fileRef = EBC742231A369A2100631858 /* AssetsLibrary.framework */; };
		EBC7422C1A369BD200631858 /* Foundation.framework in Frameworks */ = {isa = PBXBuildFile; fileRef = EBC7422B1A369BD200631858 /* Foundation.framework */; };
		EBC7422E1A369F3400631858 /* Photos.framework in Frameworks */ = {isa = PBXBuildFile; fileRef = EBC7422D1A369F3400631858 /* Photos.framework */; };
		EBC742301A36A01300631858 /* V2EXService.swift in Sources */ = {isa = PBXBuildFile; fileRef = EBC7422F1A36A01300631858 /* V2EXService.swift */; };
		EBC742321A36A12700631858 /* V2EXRequestBase.swift in Sources */ = {isa = PBXBuildFile; fileRef = EBC742311A36A12700631858 /* V2EXRequestBase.swift */; };
		EBC742341A36A59F00631858 /* Defines.swift in Sources */ = {isa = PBXBuildFile; fileRef = EBC742331A36A59F00631858 /* Defines.swift */; };
		EBC742361A36B17800631858 /* V2EXBaseModel.swift in Sources */ = {isa = PBXBuildFile; fileRef = EBC742351A36B17800631858 /* V2EXBaseModel.swift */; };
		EBC742381A36BF3700631858 /* V2EXHotModel.swift in Sources */ = {isa = PBXBuildFile; fileRef = EBC742371A36BF3700631858 /* V2EXHotModel.swift */; };
		EBC7423A1A36C01B00631858 /* V2EXMemberModel.swift in Sources */ = {isa = PBXBuildFile; fileRef = EBC742391A36C01B00631858 /* V2EXMemberModel.swift */; };
		EBC7423C1A36C15100631858 /* V2EXNodeModel.swift in Sources */ = {isa = PBXBuildFile; fileRef = EBC7423B1A36C15100631858 /* V2EXNodeModel.swift */; };
		EBC7423E1A36CF7500631858 /* V2EXHotRequest.swift in Sources */ = {isa = PBXBuildFile; fileRef = EBC7423D1A36CF7500631858 /* V2EXHotRequest.swift */; };
		EBD9D3461A3815440096F046 /* V2EXLatestRequest.swift in Sources */ = {isa = PBXBuildFile; fileRef = EBD9D3451A3815440096F046 /* V2EXLatestRequest.swift */; };
		EBD9D3481A3815BE0096F046 /* V2EXLatestModel.swift in Sources */ = {isa = PBXBuildFile; fileRef = EBD9D3471A3815BE0096F046 /* V2EXLatestModel.swift */; };
		EBD9D34A1A38172A0096F046 /* V2EXShowModel.swift in Sources */ = {isa = PBXBuildFile; fileRef = EBD9D3491A38172A0096F046 /* V2EXShowModel.swift */; };
		EBD9D34C1A3818C70096F046 /* V2EXShowRequest.swift in Sources */ = {isa = PBXBuildFile; fileRef = EBD9D34B1A3818C70096F046 /* V2EXShowRequest.swift */; };
		EBD9D34E1A38193A0096F046 /* V2EXMemberRequest.swift in Sources */ = {isa = PBXBuildFile; fileRef = EBD9D34D1A38193A0096F046 /* V2EXMemberRequest.swift */; };
		EBD9D3601A3837F30096F046 /* RKSwipeBetweenViewControllers.m in Sources */ = {isa = PBXBuildFile; fileRef = EBD9D35F1A3837F30096F046 /* RKSwipeBetweenViewControllers.m */; };
		EBD9D3621A383D430096F046 /* V2EXNewsViewController.swift in Sources */ = {isa = PBXBuildFile; fileRef = EBD9D3611A383D430096F046 /* V2EXNewsViewController.swift */; };
		EBD9D3641A383D540096F046 /* V2EXHotViewController.swift in Sources */ = {isa = PBXBuildFile; fileRef = EBD9D3631A383D540096F046 /* V2EXHotViewController.swift */; };
		EBD9D3781A392B380096F046 /* arrow@2x.png in Resources */ = {isa = PBXBuildFile; fileRef = EBD9D3711A392B380096F046 /* arrow@2x.png */; };
		EBD9D3791A392B380096F046 /* Refresh.swift in Sources */ = {isa = PBXBuildFile; fileRef = EBD9D3721A392B380096F046 /* Refresh.swift */; };
		EBD9D37A1A392B380096F046 /* RefreshBaseView.swift in Sources */ = {isa = PBXBuildFile; fileRef = EBD9D3731A392B380096F046 /* RefreshBaseView.swift */; };
		EBD9D37B1A392B380096F046 /* RefreshConst.swift in Sources */ = {isa = PBXBuildFile; fileRef = EBD9D3741A392B380096F046 /* RefreshConst.swift */; };
		EBD9D37C1A392B380096F046 /* RefreshFooterView.swift in Sources */ = {isa = PBXBuildFile; fileRef = EBD9D3751A392B380096F046 /* RefreshFooterView.swift */; };
		EBD9D37D1A392B380096F046 /* RefreshHeaderView.swift in Sources */ = {isa = PBXBuildFile; fileRef = EBD9D3761A392B380096F046 /* RefreshHeaderView.swift */; };
		EBD9D37E1A392B380096F046 /* UIScrollView+Refresh.swift in Sources */ = {isa = PBXBuildFile; fileRef = EBD9D3771A392B380096F046 /* UIScrollView+Refresh.swift */; };
/* End PBXBuildFile section */

/* Begin PBXContainerItemProxy section */
		EBC741D61A3688D200631858 /* PBXContainerItemProxy */ = {
			isa = PBXContainerItemProxy;
			containerPortal = EBC741B41A3688D200631858 /* Project object */;
			proxyType = 1;
			remoteGlobalIDString = EBC741BB1A3688D200631858;
			remoteInfo = V2EXER;
		};
		EBC741EF1A368FD800631858 /* PBXContainerItemProxy */ = {
			isa = PBXContainerItemProxy;
			containerPortal = EBC741EA1A368FD800631858 /* Alamofire.xcodeproj */;
			proxyType = 2;
			remoteGlobalIDString = F8111E3319A95C8B0040E7D1;
			remoteInfo = Alamofire;
		};
		EBC741F11A368FD800631858 /* PBXContainerItemProxy */ = {
			isa = PBXContainerItemProxy;
			containerPortal = EBC741EA1A368FD800631858 /* Alamofire.xcodeproj */;
			proxyType = 2;
			remoteGlobalIDString = F8111E3E19A95C8B0040E7D1;
			remoteInfo = AlamofireTests;
		};
		EBC741F31A368FFB00631858 /* PBXContainerItemProxy */ = {
			isa = PBXContainerItemProxy;
			containerPortal = EBC741EA1A368FD800631858 /* Alamofire.xcodeproj */;
			proxyType = 1;
			remoteGlobalIDString = F8111E3219A95C8B0040E7D1;
			remoteInfo = Alamofire;
		};
		EBC742001A3692BE00631858 /* PBXContainerItemProxy */ = {
			isa = PBXContainerItemProxy;
			containerPortal = EBC741FB1A3692BE00631858 /* AsyncDisplayKit.xcodeproj */;
			proxyType = 2;
			remoteGlobalIDString = 058D09AC195D04C000B7D73C;
			remoteInfo = AsyncDisplayKit;
		};
/* End PBXContainerItemProxy section */

/* Begin PBXCopyFilesBuildPhase section */
		EBC741F51A36901000631858 /* Copy Frameworks */ = {
			isa = PBXCopyFilesBuildPhase;
			buildActionMask = 2147483647;
			dstPath = "";
			dstSubfolderSpec = 10;
			files = (
				EBC741F61A36901700631858 /* Alamofire.framework in Copy Frameworks */,
			);
			name = "Copy Frameworks";
			runOnlyForDeploymentPostprocessing = 0;
		};
/* End PBXCopyFilesBuildPhase section */

/* Begin PBXFileReference section */
		EBC741BC1A3688D200631858 /* V2EXER.app */ = {isa = PBXFileReference; explicitFileType = wrapper.application; includeInIndex = 0; path = V2EXER.app; sourceTree = BUILT_PRODUCTS_DIR; };
		EBC741C01A3688D200631858 /* Info.plist */ = {isa = PBXFileReference; lastKnownFileType = text.plist.xml; path = Info.plist; sourceTree = "<group>"; };
		EBC741C11A3688D200631858 /* main.m */ = {isa = PBXFileReference; lastKnownFileType = sourcecode.c.objc; path = main.m; sourceTree = "<group>"; };
		EBC741C31A3688D200631858 /* AppDelegate.h */ = {isa = PBXFileReference; lastKnownFileType = sourcecode.c.h; path = AppDelegate.h; sourceTree = "<group>"; };
		EBC741C41A3688D200631858 /* AppDelegate.m */ = {isa = PBXFileReference; lastKnownFileType = sourcecode.c.objc; path = AppDelegate.m; sourceTree = "<group>"; };
		EBC741CA1A3688D200631858 /* Base */ = {isa = PBXFileReference; lastKnownFileType = file.storyboard; name = Base; path = Base.lproj/Main.storyboard; sourceTree = "<group>"; };
		EBC741CC1A3688D200631858 /* Images.xcassets */ = {isa = PBXFileReference; lastKnownFileType = folder.assetcatalog; path = Images.xcassets; sourceTree = "<group>"; };
		EBC741CF1A3688D200631858 /* Base */ = {isa = PBXFileReference; lastKnownFileType = file.xib; name = Base; path = Base.lproj/LaunchScreen.xib; sourceTree = "<group>"; };
		EBC741D51A3688D200631858 /* V2EXERTests.xctest */ = {isa = PBXFileReference; explicitFileType = wrapper.cfbundle; includeInIndex = 0; path = V2EXERTests.xctest; sourceTree = BUILT_PRODUCTS_DIR; };
		EBC741DA1A3688D300631858 /* Info.plist */ = {isa = PBXFileReference; lastKnownFileType = text.plist.xml; path = Info.plist; sourceTree = "<group>"; };
		EBC741DB1A3688D300631858 /* V2EXERTests.m */ = {isa = PBXFileReference; lastKnownFileType = sourcecode.c.objc; path = V2EXERTests.m; sourceTree = "<group>"; };
		EBC741EA1A368FD800631858 /* Alamofire.xcodeproj */ = {isa = PBXFileReference; lastKnownFileType = "wrapper.pb-project"; name = Alamofire.xcodeproj; path = Alamofire/Alamofire.xcodeproj; sourceTree = "<group>"; };
		EBC741F81A36911100631858 /* V2EXER-Bridging-Header.h */ = {isa = PBXFileReference; lastKnownFileType = sourcecode.c.h; path = "V2EXER-Bridging-Header.h"; sourceTree = "<group>"; };
		EBC741F91A36911100631858 /* Main.swift */ = {isa = PBXFileReference; fileEncoding = 4; lastKnownFileType = sourcecode.swift; path = Main.swift; sourceTree = "<group>"; };
		EBC741FB1A3692BE00631858 /* AsyncDisplayKit.xcodeproj */ = {isa = PBXFileReference; lastKnownFileType = "wrapper.pb-project"; name = AsyncDisplayKit.xcodeproj; path = "AsyncDisplayKit-master-2/AsyncDisplayKit.xcodeproj"; sourceTree = "<group>"; };
		EBC742211A369A0900631858 /* SystemConfiguration.framework */ = {isa = PBXFileReference; lastKnownFileType = wrapper.framework; name = SystemConfiguration.framework; path = System/Library/Frameworks/SystemConfiguration.framework; sourceTree = SDKROOT; };
		EBC742231A369A2100631858 /* AssetsLibrary.framework */ = {isa = PBXFileReference; lastKnownFileType = wrapper.framework; name = AssetsLibrary.framework; path = System/Library/Frameworks/AssetsLibrary.framework; sourceTree = SDKROOT; };
		EBC7422B1A369BD200631858 /* Foundation.framework */ = {isa = PBXFileReference; lastKnownFileType = wrapper.framework; name = Foundation.framework; path = System/Library/Frameworks/Foundation.framework; sourceTree = SDKROOT; };
		EBC7422D1A369F3400631858 /* Photos.framework */ = {isa = PBXFileReference; lastKnownFileType = wrapper.framework; name = Photos.framework; path = System/Library/Frameworks/Photos.framework; sourceTree = SDKROOT; };
		EBC7422F1A36A01300631858 /* V2EXService.swift */ = {isa = PBXFileReference; fileEncoding = 4; lastKnownFileType = sourcecode.swift; path = V2EXService.swift; sourceTree = "<group>"; };
		EBC742311A36A12700631858 /* V2EXRequestBase.swift */ = {isa = PBXFileReference; fileEncoding = 4; lastKnownFileType = sourcecode.swift; path = V2EXRequestBase.swift; sourceTree = "<group>"; };
		EBC742331A36A59F00631858 /* Defines.swift */ = {isa = PBXFileReference; fileEncoding = 4; lastKnownFileType = sourcecode.swift; path = Defines.swift; sourceTree = "<group>"; };
		EBC742351A36B17800631858 /* V2EXBaseModel.swift */ = {isa = PBXFileReference; fileEncoding = 4; lastKnownFileType = sourcecode.swift; path = V2EXBaseModel.swift; sourceTree = "<group>"; };
		EBC742371A36BF3700631858 /* V2EXHotModel.swift */ = {isa = PBXFileReference; fileEncoding = 4; lastKnownFileType = sourcecode.swift; path = V2EXHotModel.swift; sourceTree = "<group>"; };
		EBC742391A36C01B00631858 /* V2EXMemberModel.swift */ = {isa = PBXFileReference; fileEncoding = 4; lastKnownFileType = sourcecode.swift; path = V2EXMemberModel.swift; sourceTree = "<group>"; };
		EBC7423B1A36C15100631858 /* V2EXNodeModel.swift */ = {isa = PBXFileReference; fileEncoding = 4; lastKnownFileType = sourcecode.swift; path = V2EXNodeModel.swift; sourceTree = "<group>"; };
		EBC7423D1A36CF7500631858 /* V2EXHotRequest.swift */ = {isa = PBXFileReference; fileEncoding = 4; lastKnownFileType = sourcecode.swift; path = V2EXHotRequest.swift; sourceTree = "<group>"; };
		EBD9D3451A3815440096F046 /* V2EXLatestRequest.swift */ = {isa = PBXFileReference; fileEncoding = 4; lastKnownFileType = sourcecode.swift; path = V2EXLatestRequest.swift; sourceTree = "<group>"; };
		EBD9D3471A3815BE0096F046 /* V2EXLatestModel.swift */ = {isa = PBXFileReference; fileEncoding = 4; lastKnownFileType = sourcecode.swift; path = V2EXLatestModel.swift; sourceTree = "<group>"; };
		EBD9D3491A38172A0096F046 /* V2EXShowModel.swift */ = {isa = PBXFileReference; fileEncoding = 4; lastKnownFileType = sourcecode.swift; path = V2EXShowModel.swift; sourceTree = "<group>"; };
		EBD9D34B1A3818C70096F046 /* V2EXShowRequest.swift */ = {isa = PBXFileReference; fileEncoding = 4; lastKnownFileType = sourcecode.swift; path = V2EXShowRequest.swift; sourceTree = "<group>"; };
		EBD9D34D1A38193A0096F046 /* V2EXMemberRequest.swift */ = {isa = PBXFileReference; fileEncoding = 4; lastKnownFileType = sourcecode.swift; path = V2EXMemberRequest.swift; sourceTree = "<group>"; };
		EBD9D35E1A3837F30096F046 /* RKSwipeBetweenViewControllers.h */ = {isa = PBXFileReference; fileEncoding = 4; lastKnownFileType = sourcecode.c.h; path = RKSwipeBetweenViewControllers.h; sourceTree = "<group>"; };
		EBD9D35F1A3837F30096F046 /* RKSwipeBetweenViewControllers.m */ = {isa = PBXFileReference; fileEncoding = 4; lastKnownFileType = sourcecode.c.objc; path = RKSwipeBetweenViewControllers.m; sourceTree = "<group>"; };
		EBD9D3611A383D430096F046 /* V2EXNewsViewController.swift */ = {isa = PBXFileReference; fileEncoding = 4; lastKnownFileType = sourcecode.swift; path = V2EXNewsViewController.swift; sourceTree = "<group>"; };
		EBD9D3631A383D540096F046 /* V2EXHotViewController.swift */ = {isa = PBXFileReference; fileEncoding = 4; lastKnownFileType = sourcecode.swift; path = V2EXHotViewController.swift; sourceTree = "<group>"; };
		EBD9D3711A392B380096F046 /* arrow@2x.png */ = {isa = PBXFileReference; lastKnownFileType = image.png; path = "arrow@2x.png"; sourceTree = "<group>"; };
		EBD9D3721A392B380096F046 /* Refresh.swift */ = {isa = PBXFileReference; fileEncoding = 4; lastKnownFileType = sourcecode.swift; path = Refresh.swift; sourceTree = "<group>"; };
		EBD9D3731A392B380096F046 /* RefreshBaseView.swift */ = {isa = PBXFileReference; fileEncoding = 4; lastKnownFileType = sourcecode.swift; path = RefreshBaseView.swift; sourceTree = "<group>"; };
		EBD9D3741A392B380096F046 /* RefreshConst.swift */ = {isa = PBXFileReference; fileEncoding = 4; lastKnownFileType = sourcecode.swift; path = RefreshConst.swift; sourceTree = "<group>"; };
		EBD9D3751A392B380096F046 /* RefreshFooterView.swift */ = {isa = PBXFileReference; fileEncoding = 4; lastKnownFileType = sourcecode.swift; path = RefreshFooterView.swift; sourceTree = "<group>"; };
		EBD9D3761A392B380096F046 /* RefreshHeaderView.swift */ = {isa = PBXFileReference; fileEncoding = 4; lastKnownFileType = sourcecode.swift; path = RefreshHeaderView.swift; sourceTree = "<group>"; };
		EBD9D3771A392B380096F046 /* UIScrollView+Refresh.swift */ = {isa = PBXFileReference; fileEncoding = 4; lastKnownFileType = sourcecode.swift; path = "UIScrollView+Refresh.swift"; sourceTree = "<group>"; };
/* End PBXFileReference section */

/* Begin PBXFrameworksBuildPhase section */
		EBC741B91A3688D200631858 /* Frameworks */ = {
			isa = PBXFrameworksBuildPhase;
			buildActionMask = 2147483647;
			files = (
				EBC7422E1A369F3400631858 /* Photos.framework in Frameworks */,
				EBC742061A36933300631858 /* libAsyncDisplayKit.a in Frameworks */,
				EBC7422C1A369BD200631858 /* Foundation.framework in Frameworks */,
				EBC742241A369A2100631858 /* AssetsLibrary.framework in Frameworks */,
				EBC742221A369A0900631858 /* SystemConfiguration.framework in Frameworks */,
			);
			runOnlyForDeploymentPostprocessing = 0;
		};
		EBC741D21A3688D200631858 /* Frameworks */ = {
			isa = PBXFrameworksBuildPhase;
			buildActionMask = 2147483647;
			files = (
			);
			runOnlyForDeploymentPostprocessing = 0;
		};
/* End PBXFrameworksBuildPhase section */

/* Begin PBXGroup section */
		EBC741B31A3688D200631858 = {
			isa = PBXGroup;
			children = (
				EBC741BE1A3688D200631858 /* V2EXER */,
				EBC741D81A3688D300631858 /* V2EXERTests */,
				EBC741BD1A3688D200631858 /* Products */,
			);
			sourceTree = "<group>";
		};
		EBC741BD1A3688D200631858 /* Products */ = {
			isa = PBXGroup;
			children = (
				EBC741BC1A3688D200631858 /* V2EXER.app */,
				EBC741D51A3688D200631858 /* V2EXERTests.xctest */,
			);
			name = Products;
			sourceTree = "<group>";
		};
		EBC741BE1A3688D200631858 /* V2EXER */ = {
			isa = PBXGroup;
			children = (
				EBC741E51A368B7D00631858 /* 3rd */,
				EBC741E61A368BC700631858 /* API */,
				EBC741F71A3690F800631858 /* classes */,
				EBC741C31A3688D200631858 /* AppDelegate.h */,
				EBC741C41A3688D200631858 /* AppDelegate.m */,
				EBC741C91A3688D200631858 /* Main.storyboard */,
				EBC741CC1A3688D200631858 /* Images.xcassets */,
				EBC741CE1A3688D200631858 /* LaunchScreen.xib */,
				EBC741BF1A3688D200631858 /* Supporting Files */,
			);
			path = V2EXER;
			sourceTree = "<group>";
		};
		EBC741BF1A3688D200631858 /* Supporting Files */ = {
			isa = PBXGroup;
			children = (
				EBC741C01A3688D200631858 /* Info.plist */,
				EBC741C11A3688D200631858 /* main.m */,
			);
			name = "Supporting Files";
			sourceTree = "<group>";
		};
		EBC741D81A3688D300631858 /* V2EXERTests */ = {
			isa = PBXGroup;
			children = (
				EBC741DB1A3688D300631858 /* V2EXERTests.m */,
				EBC741D91A3688D300631858 /* Supporting Files */,
			);
			path = V2EXERTests;
			sourceTree = "<group>";
		};
		EBC741D91A3688D300631858 /* Supporting Files */ = {
			isa = PBXGroup;
			children = (
				EBC741DA1A3688D300631858 /* Info.plist */,
			);
			name = "Supporting Files";
			sourceTree = "<group>";
		};
		EBC741E51A368B7D00631858 /* 3rd */ = {
			isa = PBXGroup;
			children = (
				EBD9D3701A392B380096F046 /* Refresh */,
				EBD9D35D1A3837F30096F046 /* RKSwipeBetweenViewControllers */,
				EBC7422D1A369F3400631858 /* Photos.framework */,
				EBC7422B1A369BD200631858 /* Foundation.framework */,
				EBC742231A369A2100631858 /* AssetsLibrary.framework */,
				EBC742211A369A0900631858 /* SystemConfiguration.framework */,
				EBC741FB1A3692BE00631858 /* AsyncDisplayKit.xcodeproj */,
				EBC741EA1A368FD800631858 /* Alamofire.xcodeproj */,
			);
			path = 3rd;
			sourceTree = "<group>";
		};
		EBC741E61A368BC700631858 /* API */ = {
			isa = PBXGroup;
			children = (
				EBC741E81A368BD800631858 /* Service */,
				EBC741E71A368BC700631858 /* Model */,
			);
			path = API;
			sourceTree = "<group>";
		};
		EBC741E71A368BC700631858 /* Model */ = {
			isa = PBXGroup;
			children = (
				EBC742351A36B17800631858 /* V2EXBaseModel.swift */,
				EBC742371A36BF3700631858 /* V2EXHotModel.swift */,
				EBD9D3471A3815BE0096F046 /* V2EXLatestModel.swift */,
				EBC742391A36C01B00631858 /* V2EXMemberModel.swift */,
				EBC7423B1A36C15100631858 /* V2EXNodeModel.swift */,
				EBD9D3491A38172A0096F046 /* V2EXShowModel.swift */,
			);
			path = Model;
			sourceTree = "<group>";
		};
		EBC741E81A368BD800631858 /* Service */ = {
			isa = PBXGroup;
			children = (
				EBC7422F1A36A01300631858 /* V2EXService.swift */,
				EBC742311A36A12700631858 /* V2EXRequestBase.swift */,
				EBC7423D1A36CF7500631858 /* V2EXHotRequest.swift */,
				EBD9D3451A3815440096F046 /* V2EXLatestRequest.swift */,
				EBD9D34B1A3818C70096F046 /* V2EXShowRequest.swift */,
				EBD9D34D1A38193A0096F046 /* V2EXMemberRequest.swift */,
			);
			path = Service;
			sourceTree = "<group>";
		};
		EBC741EB1A368FD800631858 /* Products */ = {
			isa = PBXGroup;
			children = (
				EBC741F01A368FD800631858 /* Alamofire.framework */,
				EBC741F21A368FD800631858 /* AlamofireTests.xctest */,
			);
			name = Products;
			sourceTree = "<group>";
		};
		EBC741F71A3690F800631858 /* classes */ = {
			isa = PBXGroup;
			children = (
				EBC741F81A36911100631858 /* V2EXER-Bridging-Header.h */,
				EBC741F91A36911100631858 /* Main.swift */,
				EBC742331A36A59F00631858 /* Defines.swift */,
				EBD9D3611A383D430096F046 /* V2EXNewsViewController.swift */,
				EBD9D3631A383D540096F046 /* V2EXHotViewController.swift */,
			);
			path = classes;
			sourceTree = "<group>";
		};
		EBC741FC1A3692BE00631858 /* Products */ = {
			isa = PBXGroup;
			children = (
				EBC742011A3692BE00631858 /* libAsyncDisplayKit.a */,
			);
			name = Products;
			sourceTree = "<group>";
		};
		EBD9D35D1A3837F30096F046 /* RKSwipeBetweenViewControllers */ = {
			isa = PBXGroup;
			children = (
				EBD9D35E1A3837F30096F046 /* RKSwipeBetweenViewControllers.h */,
				EBD9D35F1A3837F30096F046 /* RKSwipeBetweenViewControllers.m */,
			);
			path = RKSwipeBetweenViewControllers;
			sourceTree = "<group>";
		};
		EBD9D3701A392B380096F046 /* Refresh */ = {
			isa = PBXGroup;
			children = (
				EBD9D3711A392B380096F046 /* arrow@2x.png */,
				EBD9D3721A392B380096F046 /* Refresh.swift */,
				EBD9D3731A392B380096F046 /* RefreshBaseView.swift */,
				EBD9D3741A392B380096F046 /* RefreshConst.swift */,
				EBD9D3751A392B380096F046 /* RefreshFooterView.swift */,
				EBD9D3761A392B380096F046 /* RefreshHeaderView.swift */,
				EBD9D3771A392B380096F046 /* UIScrollView+Refresh.swift */,
			);
			path = Refresh;
			sourceTree = "<group>";
		};
/* End PBXGroup section */

/* Begin PBXNativeTarget section */
		EBC741BB1A3688D200631858 /* V2EXER */ = {
			isa = PBXNativeTarget;
			buildConfigurationList = EBC741DF1A3688D300631858 /* Build configuration list for PBXNativeTarget "V2EXER" */;
			buildPhases = (
				EBC741B91A3688D200631858 /* Frameworks */,
				EBC741B81A3688D200631858 /* Sources */,
				EBC741BA1A3688D200631858 /* Resources */,
				EBC741F51A36901000631858 /* Copy Frameworks */,
			);
			buildRules = (
			);
			dependencies = (
				EBC741F41A368FFB00631858 /* PBXTargetDependency */,
			);
			name = V2EXER;
			productName = V2EXER;
			productReference = EBC741BC1A3688D200631858 /* V2EXER.app */;
			productType = "com.apple.product-type.application";
		};
		EBC741D41A3688D200631858 /* V2EXERTests */ = {
			isa = PBXNativeTarget;
			buildConfigurationList = EBC741E21A3688D300631858 /* Build configuration list for PBXNativeTarget "V2EXERTests" */;
			buildPhases = (
				EBC741D11A3688D200631858 /* Sources */,
				EBC741D21A3688D200631858 /* Frameworks */,
				EBC741D31A3688D200631858 /* Resources */,
			);
			buildRules = (
			);
			dependencies = (
				EBC741D71A3688D200631858 /* PBXTargetDependency */,
			);
			name = V2EXERTests;
			productName = V2EXERTests;
			productReference = EBC741D51A3688D200631858 /* V2EXERTests.xctest */;
			productType = "com.apple.product-type.bundle.unit-test";
		};
/* End PBXNativeTarget section */

/* Begin PBXProject section */
		EBC741B41A3688D200631858 /* Project object */ = {
			isa = PBXProject;
			attributes = {
				LastUpgradeCheck = 0610;
				ORGANIZATIONNAME = xujialiang;
				TargetAttributes = {
					EBC741BB1A3688D200631858 = {
						CreatedOnToolsVersion = 6.1.1;
					};
					EBC741D41A3688D200631858 = {
						CreatedOnToolsVersion = 6.1.1;
						TestTargetID = EBC741BB1A3688D200631858;
					};
				};
			};
			buildConfigurationList = EBC741B71A3688D200631858 /* Build configuration list for PBXProject "V2EXER" */;
			compatibilityVersion = "Xcode 3.2";
			developmentRegion = English;
			hasScannedForEncodings = 0;
			knownRegions = (
				en,
				Base,
			);
			mainGroup = EBC741B31A3688D200631858;
			productRefGroup = EBC741BD1A3688D200631858 /* Products */;
			projectDirPath = "";
			projectReferences = (
				{
					ProductGroup = EBC741EB1A368FD800631858 /* Products */;
					ProjectRef = EBC741EA1A368FD800631858 /* Alamofire.xcodeproj */;
				},
				{
					ProductGroup = EBC741FC1A3692BE00631858 /* Products */;
					ProjectRef = EBC741FB1A3692BE00631858 /* AsyncDisplayKit.xcodeproj */;
				},
			);
			projectRoot = "";
			targets = (
				EBC741BB1A3688D200631858 /* V2EXER */,
				EBC741D41A3688D200631858 /* V2EXERTests */,
			);
		};
/* End PBXProject section */

/* Begin PBXReferenceProxy section */
		EBC741F01A368FD800631858 /* Alamofire.framework */ = {
			isa = PBXReferenceProxy;
			fileType = wrapper.framework;
			path = Alamofire.framework;
			remoteRef = EBC741EF1A368FD800631858 /* PBXContainerItemProxy */;
			sourceTree = BUILT_PRODUCTS_DIR;
		};
		EBC741F21A368FD800631858 /* AlamofireTests.xctest */ = {
			isa = PBXReferenceProxy;
			fileType = wrapper.cfbundle;
			path = AlamofireTests.xctest;
			remoteRef = EBC741F11A368FD800631858 /* PBXContainerItemProxy */;
			sourceTree = BUILT_PRODUCTS_DIR;
		};
		EBC742011A3692BE00631858 /* libAsyncDisplayKit.a */ = {
			isa = PBXReferenceProxy;
			fileType = archive.ar;
			path = libAsyncDisplayKit.a;
			remoteRef = EBC742001A3692BE00631858 /* PBXContainerItemProxy */;
			sourceTree = BUILT_PRODUCTS_DIR;
		};
/* End PBXReferenceProxy section */

/* Begin PBXResourcesBuildPhase section */
		EBC741BA1A3688D200631858 /* Resources */ = {
			isa = PBXResourcesBuildPhase;
			buildActionMask = 2147483647;
			files = (
				EBC741CB1A3688D200631858 /* Main.storyboard in Resources */,
				EBD9D3781A392B380096F046 /* arrow@2x.png in Resources */,
				EBC741D01A3688D200631858 /* LaunchScreen.xib in Resources */,
				EBC741CD1A3688D200631858 /* Images.xcassets in Resources */,
			);
			runOnlyForDeploymentPostprocessing = 0;
		};
		EBC741D31A3688D200631858 /* Resources */ = {
			isa = PBXResourcesBuildPhase;
			buildActionMask = 2147483647;
			files = (
			);
			runOnlyForDeploymentPostprocessing = 0;
		};
/* End PBXResourcesBuildPhase section */

/* Begin PBXSourcesBuildPhase section */
		EBC741B81A3688D200631858 /* Sources */ = {
			isa = PBXSourcesBuildPhase;
			buildActionMask = 2147483647;
			files = (
				EBC741FA1A36911100631858 /* Main.swift in Sources */,
				EBD9D37D1A392B380096F046 /* RefreshHeaderView.swift in Sources */,
				EBD9D37C1A392B380096F046 /* RefreshFooterView.swift in Sources */,
				EBD9D3601A3837F30096F046 /* RKSwipeBetweenViewControllers.m in Sources */,
				EBC7423A1A36C01B00631858 /* V2EXMemberModel.swift in Sources */,
				EBD9D3791A392B380096F046 /* Refresh.swift in Sources */,
				EBD9D3481A3815BE0096F046 /* V2EXLatestModel.swift in Sources */,
				EBC741C51A3688D200631858 /* AppDelegate.m in Sources */,
				EBC742341A36A59F00631858 /* Defines.swift in Sources */,
				EBC742301A36A01300631858 /* V2EXService.swift in Sources */,
				EBD9D34C1A3818C70096F046 /* V2EXShowRequest.swift in Sources */,
				EBC742321A36A12700631858 /* V2EXRequestBase.swift in Sources */,
				EBD9D34E1A38193A0096F046 /* V2EXMemberRequest.swift in Sources */,
				EBC7423C1A36C15100631858 /* V2EXNodeModel.swift in Sources */,
				EBC742361A36B17800631858 /* V2EXBaseModel.swift in Sources */,
				EBD9D37A1A392B380096F046 /* RefreshBaseView.swift in Sources */,
				EBD9D34A1A38172A0096F046 /* V2EXShowModel.swift in Sources */,
				EBC7423E1A36CF7500631858 /* V2EXHotRequest.swift in Sources */,
				EBD9D3641A383D540096F046 /* V2EXHotViewController.swift in Sources */,
				EBD9D37B1A392B380096F046 /* RefreshConst.swift in Sources */,
				EBD9D37E1A392B380096F046 /* UIScrollView+Refresh.swift in Sources */,
				EBD9D3621A383D430096F046 /* V2EXNewsViewController.swift in Sources */,
				EBD9D3461A3815440096F046 /* V2EXLatestRequest.swift in Sources */,
				EBC742381A36BF3700631858 /* V2EXHotModel.swift in Sources */,
				EBC741C21A3688D200631858 /* main.m in Sources */,
			);
			runOnlyForDeploymentPostprocessing = 0;
		};
		EBC741D11A3688D200631858 /* Sources */ = {
			isa = PBXSourcesBuildPhase;
			buildActionMask = 2147483647;
			files = (
				EBC741DC1A3688D300631858 /* V2EXERTests.m in Sources */,
			);
			runOnlyForDeploymentPostprocessing = 0;
		};
/* End PBXSourcesBuildPhase section */

/* Begin PBXTargetDependency section */
		EBC741D71A3688D200631858 /* PBXTargetDependency */ = {
			isa = PBXTargetDependency;
			target = EBC741BB1A3688D200631858 /* V2EXER */;
			targetProxy = EBC741D61A3688D200631858 /* PBXContainerItemProxy */;
		};
		EBC741F41A368FFB00631858 /* PBXTargetDependency */ = {
			isa = PBXTargetDependency;
			name = Alamofire;
			targetProxy = EBC741F31A368FFB00631858 /* PBXContainerItemProxy */;
		};
/* End PBXTargetDependency section */

/* Begin PBXVariantGroup section */
		EBC741C91A3688D200631858 /* Main.storyboard */ = {
			isa = PBXVariantGroup;
			children = (
				EBC741CA1A3688D200631858 /* Base */,
			);
			name = Main.storyboard;
			sourceTree = "<group>";
		};
		EBC741CE1A3688D200631858 /* LaunchScreen.xib */ = {
			isa = PBXVariantGroup;
			children = (
				EBC741CF1A3688D200631858 /* Base */,
			);
			name = LaunchScreen.xib;
			sourceTree = "<group>";
		};
/* End PBXVariantGroup section */

/* Begin XCBuildConfiguration section */
		EBC741DD1A3688D300631858 /* Debug */ = {
			isa = XCBuildConfiguration;
			buildSettings = {
				ALWAYS_SEARCH_USER_PATHS = NO;
				CLANG_CXX_LANGUAGE_STANDARD = "gnu++0x";
				CLANG_CXX_LIBRARY = "libc++";
				CLANG_ENABLE_MODULES = YES;
				CLANG_ENABLE_OBJC_ARC = YES;
				CLANG_WARN_BOOL_CONVERSION = YES;
				CLANG_WARN_CONSTANT_CONVERSION = YES;
				CLANG_WARN_DIRECT_OBJC_ISA_USAGE = YES_ERROR;
				CLANG_WARN_EMPTY_BODY = YES;
				CLANG_WARN_ENUM_CONVERSION = YES;
				CLANG_WARN_INT_CONVERSION = YES;
				CLANG_WARN_OBJC_ROOT_CLASS = YES_ERROR;
				CLANG_WARN_UNREACHABLE_CODE = YES;
				CLANG_WARN__DUPLICATE_METHOD_MATCH = YES;
				"CODE_SIGN_IDENTITY[sdk=iphoneos*]" = "iPhone Developer";
				COPY_PHASE_STRIP = NO;
				ENABLE_STRICT_OBJC_MSGSEND = YES;
				GCC_C_LANGUAGE_STANDARD = gnu99;
				GCC_DYNAMIC_NO_PIC = NO;
				GCC_OPTIMIZATION_LEVEL = 0;
				GCC_PREPROCESSOR_DEFINITIONS = (
					"DEBUG=1",
					"$(inherited)",
				);
				GCC_SYMBOLS_PRIVATE_EXTERN = NO;
				GCC_WARN_64_TO_32_BIT_CONVERSION = YES;
				GCC_WARN_ABOUT_RETURN_TYPE = YES_ERROR;
				GCC_WARN_UNDECLARED_SELECTOR = YES;
				GCC_WARN_UNINITIALIZED_AUTOS = YES_AGGRESSIVE;
				GCC_WARN_UNUSED_FUNCTION = YES;
				GCC_WARN_UNUSED_VARIABLE = YES;
				IPHONEOS_DEPLOYMENT_TARGET = 8.1;
				MTL_ENABLE_DEBUG_INFO = YES;
				ONLY_ACTIVE_ARCH = YES;
				OTHER_LDFLAGS = (
					"-l\"c++\"",
					"-ObjC",
				);
				SDKROOT = iphoneos;
			};
			name = Debug;
		};
		EBC741DE1A3688D300631858 /* Release */ = {
			isa = XCBuildConfiguration;
			buildSettings = {
				ALWAYS_SEARCH_USER_PATHS = NO;
				CLANG_CXX_LANGUAGE_STANDARD = "gnu++0x";
				CLANG_CXX_LIBRARY = "libc++";
				CLANG_ENABLE_MODULES = YES;
				CLANG_ENABLE_OBJC_ARC = YES;
				CLANG_WARN_BOOL_CONVERSION = YES;
				CLANG_WARN_CONSTANT_CONVERSION = YES;
				CLANG_WARN_DIRECT_OBJC_ISA_USAGE = YES_ERROR;
				CLANG_WARN_EMPTY_BODY = YES;
				CLANG_WARN_ENUM_CONVERSION = YES;
				CLANG_WARN_INT_CONVERSION = YES;
				CLANG_WARN_OBJC_ROOT_CLASS = YES_ERROR;
				CLANG_WARN_UNREACHABLE_CODE = YES;
				CLANG_WARN__DUPLICATE_METHOD_MATCH = YES;
				"CODE_SIGN_IDENTITY[sdk=iphoneos*]" = "iPhone Developer";
				COPY_PHASE_STRIP = YES;
				ENABLE_NS_ASSERTIONS = NO;
				ENABLE_STRICT_OBJC_MSGSEND = YES;
				GCC_C_LANGUAGE_STANDARD = gnu99;
				GCC_WARN_64_TO_32_BIT_CONVERSION = YES;
				GCC_WARN_ABOUT_RETURN_TYPE = YES_ERROR;
				GCC_WARN_UNDECLARED_SELECTOR = YES;
				GCC_WARN_UNINITIALIZED_AUTOS = YES_AGGRESSIVE;
				GCC_WARN_UNUSED_FUNCTION = YES;
				GCC_WARN_UNUSED_VARIABLE = YES;
				IPHONEOS_DEPLOYMENT_TARGET = 8.1;
				MTL_ENABLE_DEBUG_INFO = NO;
				OTHER_LDFLAGS = (
					"-l\"c++\"",
					"-ObjC",
				);
				SDKROOT = iphoneos;
				VALIDATE_PRODUCT = YES;
			};
			name = Release;
		};
		EBC741E01A3688D300631858 /* Debug */ = {
			isa = XCBuildConfiguration;
			buildSettings = {
				ASSETCATALOG_COMPILER_APPICON_NAME = AppIcon;
				CLANG_ENABLE_MODULES = YES;
				INFOPLIST_FILE = V2EXER/Info.plist;
				LD_RUNPATH_SEARCH_PATHS = "$(inherited) @executable_path/Frameworks";
				LIBRARY_SEARCH_PATHS = (
					"$(inherited)",
					"$(SDKROOT)/usr/lib/system/introspection",
					"$(SDKROOT)/usr/lib/system",
				);
				OTHER_LDFLAGS = (
					"-l\"c++\"",
					"-ObjC",
				);
				PRODUCT_NAME = "$(TARGET_NAME)";
				SWIFT_OBJC_BRIDGING_HEADER = "V2EXER/classes/V2EXER-Bridging-Header.h";
				SWIFT_OPTIMIZATION_LEVEL = "-Onone";
			};
			name = Debug;
		};
		EBC741E11A3688D300631858 /* Release */ = {
			isa = XCBuildConfiguration;
			buildSettings = {
				ASSETCATALOG_COMPILER_APPICON_NAME = AppIcon;
				CLANG_ENABLE_MODULES = YES;
				INFOPLIST_FILE = V2EXER/Info.plist;
				LD_RUNPATH_SEARCH_PATHS = "$(inherited) @executable_path/Frameworks";
				LIBRARY_SEARCH_PATHS = (
					"$(inherited)",
					"$(SDKROOT)/usr/lib/system/introspection",
					"$(SDKROOT)/usr/lib/system",
				);
				OTHER_LDFLAGS = (
					"-l\"c++\"",
					"-ObjC",
				);
				PRODUCT_NAME = "$(TARGET_NAME)";
				SWIFT_OBJC_BRIDGING_HEADER = "V2EXER/classes/V2EXER-Bridging-Header.h";
			};
			name = Release;
		};
		EBC741E31A3688D300631858 /* Debug */ = {
			isa = XCBuildConfiguration;
			buildSettings = {
				BUNDLE_LOADER = "$(TEST_HOST)";
				FRAMEWORK_SEARCH_PATHS = (
					"$(SDKROOT)/Developer/Library/Frameworks",
					"$(inherited)",
				);
				GCC_PREPROCESSOR_DEFINITIONS = (
					"DEBUG=1",
					"$(inherited)",
				);
				INFOPLIST_FILE = V2EXERTests/Info.plist;
				LD_RUNPATH_SEARCH_PATHS = "$(inherited) @executable_path/Frameworks @loader_path/Frameworks";
				PRODUCT_NAME = "$(TARGET_NAME)";
				TEST_HOST = "$(BUILT_PRODUCTS_DIR)/V2EXER.app/V2EXER";
			};
			name = Debug;
		};
		EBC741E41A3688D300631858 /* Release */ = {
			isa = XCBuildConfiguration;
			buildSettings = {
				BUNDLE_LOADER = "$(TEST_HOST)";
				FRAMEWORK_SEARCH_PATHS = (
					"$(SDKROOT)/Developer/Library/Frameworks",
					"$(inherited)",
				);
				INFOPLIST_FILE = V2EXERTests/Info.plist;
				LD_RUNPATH_SEARCH_PATHS = "$(inherited) @executable_path/Frameworks @loader_path/Frameworks";
				PRODUCT_NAME = "$(TARGET_NAME)";
				TEST_HOST = "$(BUILT_PRODUCTS_DIR)/V2EXER.app/V2EXER";
			};
			name = Release;
		};
/* End XCBuildConfiguration section */

/* Begin XCConfigurationList section */
		EBC741B71A3688D200631858 /* Build configuration list for PBXProject "V2EXER" */ = {
			isa = XCConfigurationList;
			buildConfigurations = (
				EBC741DD1A3688D300631858 /* Debug */,
				EBC741DE1A3688D300631858 /* Release */,
			);
			defaultConfigurationIsVisible = 0;
			defaultConfigurationName = Release;
		};
		EBC741DF1A3688D300631858 /* Build configuration list for PBXNativeTarget "V2EXER" */ = {
			isa = XCConfigurationList;
			buildConfigurations = (
				EBC741E01A3688D300631858 /* Debug */,
				EBC741E11A3688D300631858 /* Release */,
			);
			defaultConfigurationIsVisible = 0;
			defaultConfigurationName = Release;
		};
		EBC741E21A3688D300631858 /* Build configuration list for PBXNativeTarget "V2EXERTests" */ = {
			isa = XCConfigurationList;
			buildConfigurations = (
				EBC741E31A3688D300631858 /* Debug */,
				EBC741E41A3688D300631858 /* Release */,
			);
			defaultConfigurationIsVisible = 0;
			defaultConfigurationName = Release;
		};
/* End XCConfigurationList section */
	};
	rootObject = EBC741B41A3688D200631858 /* Project object */;
}
